
Microsoft Visual Studio Solution File, Format Version 12.00
# Visual Studio Version 17
VisualStudioVersion = 17.5.33516.290
MinimumVisualStudioVersion = 10.0.40219.1
Project("{FAE04EC0-301F-11D3-BF4B-00C04F79EFBC}") = "WinFormsApp4", "WinFormsApp4\WinFormsApp4.csproj", "{98ABBEF5-6CBB-4117-B76A-525078FD8A9D}"
EndProject
Global
	GlobalSection(SolutionConfigurationPlatforms) = preSolution
		Debug|Any CPU = Debug|Any CPU
		Release|Any CPU = Release|Any CPU
	EndGlobalSection
	GlobalSection(ProjectConfigurationPlatforms) = postSolution
		{98ABBEF5-6CBB-4117-B76A-525078FD8A9D}.Debug|Any CPU.ActiveCfg = Debug|Any CPU
		{98ABBEF5-6CBB-4117-B76A-525078FD8A9D}.Debug|Any CPU.Build.0 = Debug|Any CPU
		{98ABBEF5-6CBB-4117-B76A-525078FD8A9D}.Release|Any CPU.ActiveCfg = Release|Any CPU
		{98ABBEF5-6CBB-4117-B76A-525078FD8A9D}.Release|Any CPU.Build.0 = Release|Any CPU
	EndGlobalSection
	GlobalSection(SolutionProperties) = preSolution
		HideSolutionNode = FALSE
	EndGlobalSection
	GlobalSection(ExtensibilityGlobals) = postSolution
		SolutionGuid = {EF2C7548-3136-4AB7-8597-6B5E1D7BF274}
	EndGlobalSection
EndGlobal
